
Microsoft Visual Studio Solution File, Format Version 12.00
# Visual Studio 15
VisualStudioVersion = 15.0.28010.2016
MinimumVisualStudioVersion = 10.0.40219.1
Project("{FAE04EC0-301F-11D3-BF4B-00C04F79EFBC}") = "WebApplication_map", "WebApplication_map\WebApplication_map.csproj", "{8C325C9C-78CA-45FC-A1CB-3BEA078C2EED}"
EndProject
Global
	GlobalSection(SolutionConfigurationPlatforms) = preSolution
		Debug|Any CPU = Debug|Any CPU
		Release|Any CPU = Release|Any CPU
	EndGlobalSection
	GlobalSection(ProjectConfigurationPlatforms) = postSolution
		{8C325C9C-78CA-45FC-A1CB-3BEA078C2EED}.Debug|Any CPU.ActiveCfg = Debug|Any CPU
		{8C325C9C-78CA-45FC-A1CB-3BEA078C2EED}.Debug|Any CPU.Build.0 = Debug|Any CPU
		{8C325C9C-78CA-45FC-A1CB-3BEA078C2EED}.Release|Any CPU.ActiveCfg = Release|Any CPU
		{8C325C9C-78CA-45FC-A1CB-3BEA078C2EED}.Release|Any CPU.Build.0 = Release|Any CPU
	EndGlobalSection
	GlobalSection(SolutionProperties) = preSolution
		HideSolutionNode = FALSE
	EndGlobalSection
	GlobalSection(ExtensibilityGlobals) = postSolution
		SolutionGuid = {436372D1-1294-4609-BFA3-44966A6DE8FE}
	EndGlobalSection
EndGlobal
